Microsoft Visual Studio Solution File, Format Version 11.00
# Visual Studio 2008

Project("{1168606A-B93C-E92D-9059-0E8ED403436A}") = "_1st Fix", "Assembly-CSharp-vs.csproj", "{02F8147A-452F-B009-C4D8-80B7445EF251}"
EndProject
Global
	GlobalSection(SolutionConfigurationPlatforms) = preSolution
		Debug|Any CPU = Debug|Any CPU
		Release|Any CPU = Release|Any CPU
	EndGlobalSection
	GlobalSection(ProjectConfigurationPlatforms) = postSolution
		{02F8147A-452F-B009-C4D8-80B7445EF251}.Debug|Any CPU.ActiveCfg = Debug|Any CPU
		{02F8147A-452F-B009-C4D8-80B7445EF251}.Debug|Any CPU.Build.0 = Debug|Any CPU
		{02F8147A-452F-B009-C4D8-80B7445EF251}.Release|Any CPU.ActiveCfg = Release|Any CPU
		{02F8147A-452F-B009-C4D8-80B7445EF251}.Release|Any CPU.Build.0 = Release|Any CPU
	EndGlobalSection
	GlobalSection(SolutionProperties) = preSolution
		HideSolutionNode = FALSE
	EndGlobalSection
										GlobalSection(MonoDevelopProperties) = preSolution
		Policies = $0
		$0.TextStylePolicy = $1
		$1.inheritsSet = null
		$1.scope = text/x-csharp
		$0.CSharpFormattingPolicy = $2
		$2.inheritsSet = Mono
		$2.inheritsScope = text/x-csharp
		$2.scope = text/x-csharp
		$0.TextStylePolicy = $3
		$3.FileWidth = 120
		$3.TabWidth = 4
		$3.EolMarker = Unix
		$3.inheritsSet = Mono
		$3.inheritsScope = text/plain
		$3.scope = text/plain
	EndGlobalSection

EndGlobal
